// !$*UTF8*$!
{
	archiveVersion = 1;
	classes = {
	};
	objectVersion = 77;
	objects = {

/* Begin PBXBuildFile section */
		BF4109102E31052900BE2AD8 /* CalculationFormView.swift in Sources */ = {isa = PBXBuildFile; fileRef = BF41090A2E31052900BE2AD8 /* CalculationFormView.swift */; };
		BF4109112E31052900BE2AD8 /* RatioInputView.swift in Sources */ = {isa = PBXBuildFile; fileRef = BF41090B2E31052900BE2AD8 /* RatioInputView.swift */; };
		BF4109122E31052900BE2AD8 /* TimeInputView.swift in Sources */ = {isa = PBXBuildFile; fileRef = BF41090F2E31052900BE2AD8 /* TimeInputView.swift */; };
		BF4109132E31052900BE2AD8 /* ProcessTypeView.swift in Sources */ = {isa = PBXBuildFile; fileRef = BF41090D2E31052900BE2AD8 /* ProcessTypeView.swift */; };
		BF4109142E31052900BE2AD8 /* StepsInputView.swift in Sources */ = {isa = PBXBuildFile; fileRef = BF41090E2E31052900BE2AD8 /* StepsInputView.swift */; };
		BF4109162E31052900BE2AD8 /* ActionButtonsView.swift in Sources */ = {isa = PBXBuildFile; fileRef = BF4109092E31052900BE2AD8 /* ActionButtonsView.swift */; };
		BF4109272E31148700BE2AD8 /* DevelopmentParameters.swift in Sources */ = {isa = PBXBuildFile; fileRef = BF4109252E31148700BE2AD8 /* DevelopmentParameters.swift */; };
		BF4109302E31151800BE2AD8 /* DevelopmentSetupView.swift in Sources */ = {isa = PBXBuildFile; fileRef = BF41092F2E31151800BE2AD8 /* DevelopmentSetupView.swift */; };
		BF4109332E311C8100BE2AD8 /* FilmСlaculator.xcdatamodeld in Sources */ = {isa = PBXBuildFile; fileRef = BF4109312E311C8100BE2AD8 /* FilmСlaculator.xcdatamodeld */; };
		BF4109352E311CA800BE2AD8 /* CoreDataService.swift in Sources */ = {isa = PBXBuildFile; fileRef = BF4109342E311CA800BE2AD8 /* CoreDataService.swift */; };
		BF4109382E31307100BE2AD8 /* MainTabView.swift in Sources */ = {isa = PBXBuildFile; fileRef = BF4109372E31307100BE2AD8 /* MainTabView.swift */; };
		BF41093A2E31308500BE2AD8 /* CalculatorView.swift in Sources */ = {isa = PBXBuildFile; fileRef = BF4109392E31308500BE2AD8 /* CalculatorView.swift */; };
		BF41093C2E3130B000BE2AD8 /* CalculatorViewModel.swift in Sources */ = {isa = PBXBuildFile; fileRef = BF41093B2E3130B000BE2AD8 /* CalculatorViewModel.swift */; };
		BF41093F2E31318D00BE2AD8 /* JournalViewModel.swift in Sources */ = {isa = PBXBuildFile; fileRef = BF41093D2E31318D00BE2AD8 /* JournalViewModel.swift */; };
		BF4109402E31318D00BE2AD8 /* TimerViewModel.swift in Sources */ = {isa = PBXBuildFile; fileRef = BF41093E2E31318D00BE2AD8 /* TimerViewModel.swift */; };
		BF41095B2E3163E400BE2AD8 /* FilmPickerView.swift in Sources */ = {isa = PBXBuildFile; fileRef = BF4109592E3163E400BE2AD8 /* FilmPickerView.swift */; };
		BF41095C2E3163E400BE2AD8 /* DevelopmentParametersView.swift in Sources */ = {isa = PBXBuildFile; fileRef = BF4109582E3163E400BE2AD8 /* DevelopmentParametersView.swift */; };
		BF41095D2E3163E400BE2AD8 /* DeveloperPickerView.swift in Sources */ = {isa = PBXBuildFile; fileRef = BF4109562E3163E400BE2AD8 /* DeveloperPickerView.swift */; };
		BF4109622E31641600BE2AD8 /* DilutionPickerView.swift in Sources */ = {isa = PBXBuildFile; fileRef = BF4109612E31641600BE2AD8 /* DilutionPickerView.swift */; };
		BF4109642E31641B00BE2AD8 /* TemperaturePickerView.swift in Sources */ = {isa = PBXBuildFile; fileRef = BF4109632E31641B00BE2AD8 /* TemperaturePickerView.swift */; };
		BF4109662E31643100BE2AD8 /* ISOPickerView.swift in Sources */ = {isa = PBXBuildFile; fileRef = BF4109652E31643100BE2AD8 /* ISOPickerView.swift */; };
		BF41096A2E31653800BE2AD8 /* DevelopmentSetupViewModel.swift in Sources */ = {isa = PBXBuildFile; fileRef = BF4109692E31653800BE2AD8 /* DevelopmentSetupViewModel.swift */; };
		BF4109702E3166F400BE2AD8 /* TimerControlsView.swift in Sources */ = {isa = PBXBuildFile; fileRef = BF41096C2E3166F400BE2AD8 /* TimerControlsView.swift */; };
		BF4109712E3166F400BE2AD8 /* TimerHeaderView.swift in Sources */ = {isa = PBXBuildFile; fileRef = BF41096D2E3166F400BE2AD8 /* TimerHeaderView.swift */; };
		BF4109722E3166F400BE2AD8 /* AgitationIndicatorView.swift in Sources */ = {isa = PBXBuildFile; fileRef = BF41096B2E3166F400BE2AD8 /* AgitationIndicatorView.swift */; };
		BF4109732E3166F400BE2AD8 /* TimerProgressView.swift in Sources */ = {isa = PBXBuildFile; fileRef = BF41096E2E3166F400BE2AD8 /* TimerProgressView.swift */; };
		BFA0C79B2E2133FC00132936 /* Assets.xcassets in Resources */ = {isa = PBXBuildFile; fileRef = BFA0C7932E2133FC00132936 /* Assets.xcassets */; };
		BFA0C79D2E2133FC00132936 /* ContentView.swift in Sources */ = {isa = PBXBuildFile; fileRef = BFA0C7952E2133FC00132936 /* ContentView.swift */; };
		BFA0C79F2E2133FC00132936 /* FilmClaculatorApp.swift in Sources */ = {isa = PBXBuildFile; fileRef = BFA0C7972E2133FC00132936 /* FilmClaculatorApp.swift */; };
		BFA0C7A02E2133FC00132936 /* Persistence.swift in Sources */ = {isa = PBXBuildFile; fileRef = BFA0C7982E2133FC00132936 /* Persistence.swift */; };
		BFA0C7A82E2134B400132936 /* CalculationResultView.swift in Sources */ = {isa = PBXBuildFile; fileRef = BFA0C7A72E2134B300132936 /* CalculationResultView.swift */; };
		BFA0C7A92E2134BA00132936 /* DevelopmentCalculator.swift in Sources */ = {isa = PBXBuildFile; fileRef = BFA0C7A62E21349100132936 /* DevelopmentCalculator.swift */; };
		BFA0C7AB2E2134D800132936 /* SaveRecordView.swift in Sources */ = {isa = PBXBuildFile; fileRef = BFA0C7AA2E2134D600132936 /* SaveRecordView.swift */; };
		BFA0C7AD2E2134F800132936 /* JournalView.swift in Sources */ = {isa = PBXBuildFile; fileRef = BFA0C7AC2E2134F600132936 /* JournalView.swift */; };
		BFA0C7AF2E21351300132936 /* RecordRowView.swift in Sources */ = {isa = PBXBuildFile; fileRef = BFA0C7AE2E21351000132936 /* RecordRowView.swift */; };
		BFE12EB02E33C5120044A3A4 /* Localizable.strings in Resources */ = {isa = PBXBuildFile; fileRef = BFE12EAE2E33C5120044A3A4 /* Localizable.strings */; };
		BFE12EB62E33C6800044A3A4 /* temperature-multipliers.json in Resources */ = {isa = PBXBuildFile; fileRef = BFE12EB42E33C6800044A3A4 /* temperature-multipliers.json */; };
		BFE12EB72E33C6800044A3A4 /* development-times.json in Resources */ = {isa = PBXBuildFile; fileRef = BFE12EB22E33C6800044A3A4 /* development-times.json */; };
		BFE12EB82E33C6800044A3A4 /* films.json in Resources */ = {isa = PBXBuildFile; fileRef = BFE12EB32E33C6800044A3A4 /* films.json */; };
		BFE12EB92E33C6800044A3A4 /* developers.json in Resources */ = {isa = PBXBuildFile; fileRef = BFE12EB12E33C6800044A3A4 /* developers.json */; };
		BFE12EBC2E34DBE10044A3A4 /* HomeView.swift in Sources */ = {isa = PBXBuildFile; fileRef = BFE12EBA2E34DBE10044A3A4 /* HomeView.swift */; };
		BFE12EBD2E34DBE10044A3A4 /* SettingsView.swift in Sources */ = {isa = PBXBuildFile; fileRef = BFE12EBB2E34DBE10044A3A4 /* SettingsView.swift */; };
		BFE12EBF2E34EB960044A3A4 /* TimerTabView.swift in Sources */ = {isa = PBXBuildFile; fileRef = BFE12EBE2E34EB960044A3A4 /* TimerTabView.swift */; };
		BFE12EC12E360C010044A3A4 /* AppPreview.swift in Sources */ = {isa = PBXBuildFile; fileRef = BFE12EC02E360C010044A3A4 /* AppPreview.swift */; };
		BFF4D9FF2E21BECD0097BE82 /* TimerView.swift in Sources */ = {isa = PBXBuildFile; fileRef = BFF4D9FE2E21BEC90097BE82 /* TimerView.swift */; };
		BFF4DA012E21C2C90097BE82 /* AgitationMode.swift in Sources */ = {isa = PBXBuildFile; fileRef = BFF4DA002E21C2C90097BE82 /* AgitationMode.swift */; };
		BFF4DA032E21C31E0097BE82 /* AgitationSelectionView.swift in Sources */ = {isa = PBXBuildFile; fileRef = BFF4DA022E21C31E0097BE82 /* AgitationSelectionView.swift */; };
		BFF4DA052E21C8C30097BE82 /* CustomAgitationView.swift in Sources */ = {isa = PBXBuildFile; fileRef = BFF4DA042E21C8C30097BE82 /* CustomAgitationView.swift */; };
/* End PBXBuildFile section */

/* Begin PBXFileReference section */
		BF4109092E31052900BE2AD8 /* ActionButtonsView.swift */ = {isa = PBXFileReference; lastKnownFileType = sourcecode.swift; path = ActionButtonsView.swift; sourceTree = "<group>"; };
		BF41090A2E31052900BE2AD8 /* CalculationFormView.swift */ = {isa = PBXFileReference; lastKnownFileType = sourcecode.swift; path = CalculationFormView.swift; sourceTree = "<group>"; };
		BF41090B2E31052900BE2AD8 /* RatioInputView.swift */ = {isa = PBXFileReference; lastKnownFileType = sourcecode.swift; path = RatioInputView.swift; sourceTree = "<group>"; };
		BF41090D2E31052900BE2AD8 /* ProcessTypeView.swift */ = {isa = PBXFileReference; lastKnownFileType = sourcecode.swift; path = ProcessTypeView.swift; sourceTree = "<group>"; };
		BF41090E2E31052900BE2AD8 /* StepsInputView.swift */ = {isa = PBXFileReference; lastKnownFileType = sourcecode.swift; path = StepsInputView.swift; sourceTree = "<group>"; };
		BF41090F2E31052900BE2AD8 /* TimeInputView.swift */ = {isa = PBXFileReference; lastKnownFileType = sourcecode.swift; path = TimeInputView.swift; sourceTree = "<group>"; };
		BF4109252E31148700BE2AD8 /* DevelopmentParameters.swift */ = {isa = PBXFileReference; lastKnownFileType = sourcecode.swift; path = DevelopmentParameters.swift; sourceTree = "<group>"; };
		BF41092F2E31151800BE2AD8 /* DevelopmentSetupView.swift */ = {isa = PBXFileReference; lastKnownFileType = sourcecode.swift; path = DevelopmentSetupView.swift; sourceTree = "<group>"; };
		BF4109322E311C8100BE2AD8 /* FilmСlaculator.xcdatamodel */ = {isa = PBXFileReference; lastKnownFileType = wrapper.xcdatamodel; path = "FilmСlaculator.xcdatamodel"; sourceTree = "<group>"; };
		BF4109342E311CA800BE2AD8 /* CoreDataService.swift */ = {isa = PBXFileReference; lastKnownFileType = sourcecode.swift; path = CoreDataService.swift; sourceTree = "<group>"; };
		BF4109372E31307100BE2AD8 /* MainTabView.swift */ = {isa = PBXFileReference; lastKnownFileType = sourcecode.swift; path = MainTabView.swift; sourceTree = "<group>"; };
		BF4109392E31308500BE2AD8 /* CalculatorView.swift */ = {isa = PBXFileReference; lastKnownFileType = sourcecode.swift; path = CalculatorView.swift; sourceTree = "<group>"; };
		BF41093B2E3130B000BE2AD8 /* CalculatorViewModel.swift */ = {isa = PBXFileReference; lastKnownFileType = sourcecode.swift; path = CalculatorViewModel.swift; sourceTree = "<group>"; };
		BF41093D2E31318D00BE2AD8 /* JournalViewModel.swift */ = {isa = PBXFileReference; lastKnownFileType = sourcecode.swift; path = JournalViewModel.swift; sourceTree = "<group>"; };
		BF41093E2E31318D00BE2AD8 /* TimerViewModel.swift */ = {isa = PBXFileReference; lastKnownFileType = sourcecode.swift; path = TimerViewModel.swift; sourceTree = "<group>"; };
		BF4109562E3163E400BE2AD8 /* DeveloperPickerView.swift */ = {isa = PBXFileReference; lastKnownFileType = sourcecode.swift; path = DeveloperPickerView.swift; sourceTree = "<group>"; };
		BF4109582E3163E400BE2AD8 /* DevelopmentParametersView.swift */ = {isa = PBXFileReference; lastKnownFileType = sourcecode.swift; path = DevelopmentParametersView.swift; sourceTree = "<group>"; };
		BF4109592E3163E400BE2AD8 /* FilmPickerView.swift */ = {isa = PBXFileReference; lastKnownFileType = sourcecode.swift; path = FilmPickerView.swift; sourceTree = "<group>"; };
		BF41095F2E31640400BE2AD8 /* DeveloperPickerView.swift */ = {isa = PBXFileReference; lastKnownFileType = sourcecode.swift; path = DeveloperPickerView.swift; sourceTree = "<group>"; };
		BF4109612E31641600BE2AD8 /* DilutionPickerView.swift */ = {isa = PBXFileReference; lastKnownFileType = sourcecode.swift; path = DilutionPickerView.swift; sourceTree = "<group>"; };
		BF4109632E31641B00BE2AD8 /* TemperaturePickerView.swift */ = {isa = PBXFileReference; lastKnownFileType = sourcecode.swift; path = TemperaturePickerView.swift; sourceTree = "<group>"; };
		BF4109652E31643100BE2AD8 /* ISOPickerView.swift */ = {isa = PBXFileReference; lastKnownFileType = sourcecode.swift; path = ISOPickerView.swift; sourceTree = "<group>"; };
		BF4109672E3164A900BE2AD8 /* ParameterRow.swift */ = {isa = PBXFileReference; lastKnownFileType = sourcecode.swift; path = ParameterRow.swift; sourceTree = "<group>"; };
		BF4109692E31653800BE2AD8 /* DevelopmentSetupViewModel.swift */ = {isa = PBXFileReference; lastKnownFileType = sourcecode.swift; path = DevelopmentSetupViewModel.swift; sourceTree = "<group>"; };
		BF41096B2E3166F400BE2AD8 /* AgitationIndicatorView.swift */ = {isa = PBXFileReference; lastKnownFileType = sourcecode.swift; path = AgitationIndicatorView.swift; sourceTree = "<group>"; };
		BF41096C2E3166F400BE2AD8 /* TimerControlsView.swift */ = {isa = PBXFileReference; lastKnownFileType = sourcecode.swift; path = TimerControlsView.swift; sourceTree = "<group>"; };
		BF41096D2E3166F400BE2AD8 /* TimerHeaderView.swift */ = {isa = PBXFileReference; lastKnownFileType = sourcecode.swift; path = TimerHeaderView.swift; sourceTree = "<group>"; };
		BF41096E2E3166F400BE2AD8 /* TimerProgressView.swift */ = {isa = PBXFileReference; lastKnownFileType = sourcecode.swift; path = TimerProgressView.swift; sourceTree = "<group>"; };
		BFA0C7932E2133FC00132936 /* Assets.xcassets */ = {isa = PBXFileReference; lastKnownFileType = folder.assetcatalog; path = Assets.xcassets; sourceTree = "<group>"; };
		BFA0C7952E2133FC00132936 /* ContentView.swift */ = {isa = PBXFileReference; lastKnownFileType = sourcecode.swift; path = ContentView.swift; sourceTree = "<group>"; };
		BFA0C7972E2133FC00132936 /* FilmClaculatorApp.swift */ = {isa = PBXFileReference; lastKnownFileType = sourcecode.swift; path = FilmClaculatorApp.swift; sourceTree = "<group>"; };
		BFA0C7982E2133FC00132936 /* Persistence.swift */ = {isa = PBXFileReference; lastKnownFileType = sourcecode.swift; path = Persistence.swift; sourceTree = "<group>"; };
		BFA0C7A62E21349100132936 /* DevelopmentCalculator.swift */ = {isa = PBXFileReference; lastKnownFileType = sourcecode.swift; path = DevelopmentCalculator.swift; sourceTree = "<group>"; };
		BFA0C7A72E2134B300132936 /* CalculationResultView.swift */ = {isa = PBXFileReference; lastKnownFileType = sourcecode.swift; path = CalculationResultView.swift; sourceTree = "<group>"; };
		BFA0C7AA2E2134D600132936 /* SaveRecordView.swift */ = {isa = PBXFileReference; lastKnownFileType = sourcecode.swift; path = SaveRecordView.swift; sourceTree = "<group>"; };
		BFA0C7AC2E2134F600132936 /* JournalView.swift */ = {isa = PBXFileReference; lastKnownFileType = sourcecode.swift; path = JournalView.swift; sourceTree = "<group>"; };
		BFA0C7AE2E21351000132936 /* RecordRowView.swift */ = {isa = PBXFileReference; lastKnownFileType = sourcecode.swift; path = RecordRowView.swift; sourceTree = "<group>"; };
		BFE12EAC2E33C5120044A3A4 /* en */ = {isa = PBXFileReference; lastKnownFileType = text.plist.strings; name = en; path = en.lproj/Localizable.strings; sourceTree = "<group>"; };
		BFE12EAD2E33C5120044A3A4 /* ru */ = {isa = PBXFileReference; lastKnownFileType = text.plist.strings; name = ru; path = ru.lproj/Localizable.strings; sourceTree = "<group>"; };
		BFE12EB12E33C6800044A3A4 /* developers.json */ = {isa = PBXFileReference; lastKnownFileType = text.json; path = developers.json; sourceTree = "<group>"; };
		BFE12EB22E33C6800044A3A4 /* development-times.json */ = {isa = PBXFileReference; lastKnownFileType = text.json; path = "development-times.json"; sourceTree = "<group>"; };
		BFE12EB32E33C6800044A3A4 /* films.json */ = {isa = PBXFileReference; lastKnownFileType = text.json; path = films.json; sourceTree = "<group>"; };
		BFE12EB42E33C6800044A3A4 /* temperature-multipliers.json */ = {isa = PBXFileReference; lastKnownFileType = text.json; path = "temperature-multipliers.json"; sourceTree = "<group>"; };
		BFE12EBA2E34DBE10044A3A4 /* HomeView.swift */ = {isa = PBXFileReference; lastKnownFileType = sourcecode.swift; path = HomeView.swift; sourceTree = "<group>"; };
		BFE12EBB2E34DBE10044A3A4 /* SettingsView.swift */ = {isa = PBXFileReference; lastKnownFileType = sourcecode.swift; path = SettingsView.swift; sourceTree = "<group>"; };
		BFE12EBE2E34EB960044A3A4 /* TimerTabView.swift */ = {isa = PBXFileReference; lastKnownFileType = sourcecode.swift; path = TimerTabView.swift; sourceTree = "<group>"; };
		BFE12EC02E360C010044A3A4 /* AppPreview.swift */ = {isa = PBXFileReference; lastKnownFileType = sourcecode.swift; path = AppPreview.swift; sourceTree = "<group>"; };
		BFE96A392E2061A0001CF98D /* Film claculator.app */ = {isa = PBXFileReference; explicitFileType = wrapper.application; includeInIndex = 0; path = "Film claculator.app"; sourceTree = BUILT_PRODUCTS_DIR; };
		BFF4D9FE2E21BEC90097BE82 /* TimerView.swift */ = {isa = PBXFileReference; lastKnownFileType = sourcecode.swift; path = TimerView.swift; sourceTree = "<group>"; };
		BFF4DA002E21C2C90097BE82 /* AgitationMode.swift */ = {isa = PBXFileReference; lastKnownFileType = sourcecode.swift; path = AgitationMode.swift; sourceTree = "<group>"; };
		BFF4DA022E21C31E0097BE82 /* AgitationSelectionView.swift */ = {isa = PBXFileReference; lastKnownFileType = sourcecode.swift; path = AgitationSelectionView.swift; sourceTree = "<group>"; };
		BFF4DA042E21C8C30097BE82 /* CustomAgitationView.swift */ = {isa = PBXFileReference; lastKnownFileType = sourcecode.swift; path = CustomAgitationView.swift; sourceTree = "<group>"; };
/* End PBXFileReference section */

/* Begin PBXFrameworksBuildPhase section */
		BFE96A362E2061A0001CF98D /* Frameworks */ = {
			isa = PBXFrameworksBuildPhase;
			buildActionMask = 2147483647;
			files = (
			);
			runOnlyForDeploymentPostprocessing = 0;
		};
/* End PBXFrameworksBuildPhase section */

/* Begin PBXGroup section */
		BF4109082E3104FC00BE2AD8 /* Components */ = {
			isa = PBXGroup;
			children = (
				BF4109092E31052900BE2AD8 /* ActionButtonsView.swift */,
				BF41090A2E31052900BE2AD8 /* CalculationFormView.swift */,
				BF41090B2E31052900BE2AD8 /* RatioInputView.swift */,
				BF41090D2E31052900BE2AD8 /* ProcessTypeView.swift */,
				BF41090E2E31052900BE2AD8 /* StepsInputView.swift */,
				BF41090F2E31052900BE2AD8 /* TimeInputView.swift */,
			);
			path = Components;
			sourceTree = "<group>";
		};
		BF41092C2E3114BA00BE2AD8 /* ViewModels */ = {
			isa = PBXGroup;
			children = (
				BF41093B2E3130B000BE2AD8 /* CalculatorViewModel.swift */,
			);
			path = ViewModels;
			sourceTree = "<group>";
		};
		BF4109362E312CB600BE2AD8 /* App */ = {
			isa = PBXGroup;
			children = (
				BFE12EC02E360C010044A3A4 /* AppPreview.swift */,
				BFA0C7972E2133FC00132936 /* FilmClaculatorApp.swift */,
			);
			path = App;
			sourceTree = "<group>";
		};
		BF4109412E3133B200BE2AD8 /* Features */ = {
			isa = PBXGroup;
			children = (
				BF4109432E3133D900BE2AD8 /* Calculator */,
				BF4109442E31342500BE2AD8 /* Development */,
				BF4109482E3134C800BE2AD8 /* Journal */,
				BF4109492E3134DE00BE2AD8 /* Timer */,
			);
			path = Features;
			sourceTree = "<group>";
		};
		BF4109422E3133BA00BE2AD8 /* Core */ = {
			isa = PBXGroup;
			children = (
				BF4109472E31348C00BE2AD8 /* Navigation */,
				BFA0C7A22E21341400132936 /* Services */,
				BFA0C7A32E21341F00132936 /* Models */,
				BF41094E2E31355F00BE2AD8 /* Persistence */,
			);
			path = Core;
			sourceTree = "<group>";
		};
		BF4109432E3133D900BE2AD8 /* Calculator */ = {
			isa = PBXGroup;
			children = (
				BF41092C2E3114BA00BE2AD8 /* ViewModels */,
				BFA0C7992E2133FC00132936 /* Views */,
			);
			path = Calculator;
			sourceTree = "<group>";
		};
		BF4109442E31342500BE2AD8 /* Development */ = {
			isa = PBXGroup;
			children = (
				BF4109452E31343400BE2AD8 /* Views */,
				BF4109462E31346B00BE2AD8 /* ViewModels */,
			);
			path = Development;
			sourceTree = "<group>";
		};
		BF4109452E31343400BE2AD8 /* Views */ = {
			isa = PBXGroup;
			children = (
				BF41095A2E3163E400BE2AD8 /* Components */,
				BF41092F2E31151800BE2AD8 /* DevelopmentSetupView.swift */,
			);
			path = Views;
			sourceTree = "<group>";
		};
		BF4109462E31346B00BE2AD8 /* ViewModels */ = {
			isa = PBXGroup;
			children = (
				BF4109692E31653800BE2AD8 /* DevelopmentSetupViewModel.swift */,
			);
			path = ViewModels;
			sourceTree = "<group>";
		};
		BF4109472E31348C00BE2AD8 /* Navigation */ = {
			isa = PBXGroup;
			children = (
				BF4109372E31307100BE2AD8 /* MainTabView.swift */,
				BFA0C7952E2133FC00132936 /* ContentView.swift */,
				BFE12EBA2E34DBE10044A3A4 /* HomeView.swift */,
				BFE12EBB2E34DBE10044A3A4 /* SettingsView.swift */,
			);
			path = Navigation;
			sourceTree = "<group>";
		};
		BF4109482E3134C800BE2AD8 /* Journal */ = {
			isa = PBXGroup;
			children = (
				BF41094A2E3134F000BE2AD8 /* Views */,
				BF41094B2E3134F700BE2AD8 /* ViewModels */,
			);
			path = Journal;
			sourceTree = "<group>";
		};
		BF4109492E3134DE00BE2AD8 /* Timer */ = {
			isa = PBXGroup;
			children = (
				BF41094C2E31350F00BE2AD8 /* Views */,
				BF41094D2E31352B00BE2AD8 /* ViewModels */,
			);
			path = Timer;
			sourceTree = "<group>";
		};
		BF41094A2E3134F000BE2AD8 /* Views */ = {
			isa = PBXGroup;
			children = (
				BFA0C7AC2E2134F600132936 /* JournalView.swift */,
				BFA0C7AE2E21351000132936 /* RecordRowView.swift */,
				BFA0C7AA2E2134D600132936 /* SaveRecordView.swift */,
			);
			path = Views;
			sourceTree = "<group>";
		};
		BF41094B2E3134F700BE2AD8 /* ViewModels */ = {
			isa = PBXGroup;
			children = (
				BF41093D2E31318D00BE2AD8 /* JournalViewModel.swift */,
			);
			path = ViewModels;
			sourceTree = "<group>";
		};
		BF41094C2E31350F00BE2AD8 /* Views */ = {
			isa = PBXGroup;
			children = (
				BF41096F2E3166F400BE2AD8 /* Components */,
				BFF4D9FE2E21BEC90097BE82 /* TimerView.swift */,
				BFF4DA022E21C31E0097BE82 /* AgitationSelectionView.swift */,
				BFF4DA042E21C8C30097BE82 /* CustomAgitationView.swift */,
			);
			path = Views;
			sourceTree = "<group>";
		};
		BF41094D2E31352B00BE2AD8 /* ViewModels */ = {
			isa = PBXGroup;
			children = (
				BF41093E2E31318D00BE2AD8 /* TimerViewModel.swift */,
			);
			path = ViewModels;
			sourceTree = "<group>";
		};
		BF41094E2E31355F00BE2AD8 /* Persistence */ = {
			isa = PBXGroup;
			children = (
				BFA0C7982E2133FC00132936 /* Persistence.swift */,
			);
			path = Persistence;
			sourceTree = "<group>";
		};
		BF41094F2E3135B700BE2AD8 /* Shared */ = {
			isa = PBXGroup;
			children = (
				BF4109682E3164A900BE2AD8 /* Components */,
			);
			path = Shared;
			sourceTree = "<group>";
		};
		BF41095A2E3163E400BE2AD8 /* Components */ = {
			isa = PBXGroup;
			children = (
				BF4109562E3163E400BE2AD8 /* DeveloperPickerView.swift */,
				BF4109582E3163E400BE2AD8 /* DevelopmentParametersView.swift */,
				BF4109592E3163E400BE2AD8 /* FilmPickerView.swift */,
				BF41095F2E31640400BE2AD8 /* DeveloperPickerView.swift */,
				BF4109612E31641600BE2AD8 /* DilutionPickerView.swift */,
				BF4109632E31641B00BE2AD8 /* TemperaturePickerView.swift */,
				BF4109652E31643100BE2AD8 /* ISOPickerView.swift */,
			);
			path = Components;
			sourceTree = "<group>";
		};
		BF4109682E3164A900BE2AD8 /* Components */ = {
			isa = PBXGroup;
			children = (
				BF4109672E3164A900BE2AD8 /* ParameterRow.swift */,
			);
			path = Components;
			sourceTree = "<group>";
		};
		BF41096F2E3166F400BE2AD8 /* Components */ = {
			isa = PBXGroup;
			children = (
				BFE12EBE2E34EB960044A3A4 /* TimerTabView.swift */,
				BF41096B2E3166F400BE2AD8 /* AgitationIndicatorView.swift */,
				BF41096C2E3166F400BE2AD8 /* TimerControlsView.swift */,
				BF41096D2E3166F400BE2AD8 /* TimerHeaderView.swift */,
				BF41096E2E3166F400BE2AD8 /* TimerProgressView.swift */,
			);
			path = Components;
			sourceTree = "<group>";
		};
		BFA0C7992E2133FC00132936 /* Views */ = {
			isa = PBXGroup;
			children = (
				BFA0C7A72E2134B300132936 /* CalculationResultView.swift */,
				BF4109392E31308500BE2AD8 /* CalculatorView.swift */,
				BF4109082E3104FC00BE2AD8 /* Components */,
			);
			path = Views;
			sourceTree = "<group>";
		};
		BFA0C7A22E21341400132936 /* Services */ = {
			isa = PBXGroup;
			children = (
				BFF4DA002E21C2C90097BE82 /* AgitationMode.swift */,
				BF4109342E311CA800BE2AD8 /* CoreDataService.swift */,
				BFA0C7A62E21349100132936 /* DevelopmentCalculator.swift */,
			);
			path = Services;
			sourceTree = "<group>";
		};
		BFA0C7A32E21341F00132936 /* Models */ = {
			isa = PBXGroup;
			children = (
				BF4109252E31148700BE2AD8 /* DevelopmentParameters.swift */,
			);
			path = Models;
			sourceTree = "<group>";
		};
		BFA0C7B02E2136A500132936 /* Resources */ = {
			isa = PBXGroup;
			children = (
				BFE12EB52E33C6800044A3A4 /* Data */,
				BFE12EAF2E33C5120044A3A4 /* Localization */,
				BF4109312E311C8100BE2AD8 /* FilmСlaculator.xcdatamodeld */,
				BFA0C7932E2133FC00132936 /* Assets.xcassets */,
			);
			path = Resources;
			sourceTree = "<group>";
		};
		BFE12EAF2E33C5120044A3A4 /* Localization */ = {
			isa = PBXGroup;
			children = (
				BFE12EAE2E33C5120044A3A4 /* Localizable.strings */,
			);
			path = Localization;
			sourceTree = "<group>";
		};
		BFE12EB52E33C6800044A3A4 /* Data */ = {
			isa = PBXGroup;
			children = (
				BFE12EB12E33C6800044A3A4 /* developers.json */,
				BFE12EB22E33C6800044A3A4 /* development-times.json */,
				BFE12EB32E33C6800044A3A4 /* films.json */,
				BFE12EB42E33C6800044A3A4 /* temperature-multipliers.json */,
			);
			path = Data;
			sourceTree = "<group>";
		};
		BFE96A302E2061A0001CF98D = {
			isa = PBXGroup;
			children = (
				BF4109362E312CB600BE2AD8 /* App */,
				BF4109412E3133B200BE2AD8 /* Features */,
				BF4109422E3133BA00BE2AD8 /* Core */,
				BF41094F2E3135B700BE2AD8 /* Shared */,
				BFA0C7B02E2136A500132936 /* Resources */,
				BFE96A3A2E2061A0001CF98D /* Products */,
			);
			sourceTree = "<group>";
		};
		BFE96A3A2E2061A0001CF98D /* Products */ = {
			isa = PBXGroup;
			children = (
				BFE96A392E2061A0001CF98D /* Film claculator.app */,
			);
			name = Products;
			sourceTree = "<group>";
		};
/* End PBXGroup section */

/* Begin PBXNativeTarget section */
		BFE96A382E2061A0001CF98D /* Film claculator */ = {
			isa = PBXNativeTarget;
			buildConfigurationList = BFE96A492E2061A3001CF98D /* Build configuration list for PBXNativeTarget "Film claculator" */;
			buildPhases = (
				BFE96A352E2061A0001CF98D /* Sources */,
				BFE96A362E2061A0001CF98D /* Frameworks */,
				BFE96A372E2061A0001CF98D /* Resources */,
			);
			buildRules = (
			);
			dependencies = (
			);
			name = "Film claculator";
			packageProductDependencies = (
			);
			productName = "Film claculator";
			productReference = BFE96A392E2061A0001CF98D /* Film claculator.app */;
			productType = "com.apple.product-type.application";
		};
/* End PBXNativeTarget section */

/* Begin PBXProject section */
		BFE96A312E2061A0001CF98D /* Project object */ = {
			isa = PBXProject;
			attributes = {
				BuildIndependentTargetsInParallel = 1;
				LastSwiftUpdateCheck = 1640;
				LastUpgradeCheck = 1640;
				TargetAttributes = {
					BFE96A382E2061A0001CF98D = {
						CreatedOnToolsVersion = 16.4;
					};
				};
			};
			buildConfigurationList = BFE96A342E2061A0001CF98D /* Build configuration list for PBXProject "FilmClaculator" */;
			developmentRegion = en;
			hasScannedForEncodings = 0;
			knownRegions = (
				en,
				Base,
				ru,
			);
			mainGroup = BFE96A302E2061A0001CF98D;
			minimizedProjectReferenceProxies = 1;
			preferredProjectObjectVersion = 77;
			productRefGroup = BFE96A3A2E2061A0001CF98D /* Products */;
			projectDirPath = "";
			projectRoot = "";
			targets = (
				BFE96A382E2061A0001CF98D /* Film claculator */,
			);
		};
/* End PBXProject section */

/* Begin PBXResourcesBuildPhase section */
		BFE96A372E2061A0001CF98D /* Resources */ = {
			isa = PBXResourcesBuildPhase;
			buildActionMask = 2147483647;
			files = (
				BFA0C79B2E2133FC00132936 /* Assets.xcassets in Resources */,
				BFE12EB62E33C6800044A3A4 /* temperature-multipliers.json in Resources */,
				BFE12EB72E33C6800044A3A4 /* development-times.json in Resources */,
				BFE12EB82E33C6800044A3A4 /* films.json in Resources */,
				BFE12EB92E33C6800044A3A4 /* developers.json in Resources */,
				BFE12EB02E33C5120044A3A4 /* Localizable.strings in Resources */,
			);
			runOnlyForDeploymentPostprocessing = 0;
		};
/* End PBXResourcesBuildPhase section */

/* Begin PBXSourcesBuildPhase section */
		BFE96A352E2061A0001CF98D /* Sources */ = {
			isa = PBXSourcesBuildPhase;
			buildActionMask = 2147483647;
			files = (
				BF4109382E31307100BE2AD8 /* MainTabView.swift in Sources */,
				BF4109332E311C8100BE2AD8 /* FilmСlaculator.xcdatamodeld in Sources */,
				BF4109272E31148700BE2AD8 /* DevelopmentParameters.swift in Sources */,
				BFA0C7AB2E2134D800132936 /* SaveRecordView.swift in Sources */,
				BFA0C7AF2E21351300132936 /* RecordRowView.swift in Sources */,
				BFA0C79D2E2133FC00132936 /* ContentView.swift in Sources */,
				BF41093A2E31308500BE2AD8 /* CalculatorView.swift in Sources */,
				BFA0C7A82E2134B400132936 /* CalculationResultView.swift in Sources */,
				BFE12EBF2E34EB960044A3A4 /* TimerTabView.swift in Sources */,
				BF4109102E31052900BE2AD8 /* CalculationFormView.swift in Sources */,
				BF4109112E31052900BE2AD8 /* RatioInputView.swift in Sources */,
				BF4109122E31052900BE2AD8 /* TimeInputView.swift in Sources */,
				BF4109132E31052900BE2AD8 /* ProcessTypeView.swift in Sources */,
				BFE12EBC2E34DBE10044A3A4 /* HomeView.swift in Sources */,
				BFE12EBD2E34DBE10044A3A4 /* SettingsView.swift in Sources */,
				BF4109142E31052900BE2AD8 /* StepsInputView.swift in Sources */,
				BF4109622E31641600BE2AD8 /* DilutionPickerView.swift in Sources */,
				BF4109702E3166F400BE2AD8 /* TimerControlsView.swift in Sources */,
				BF4109712E3166F400BE2AD8 /* TimerHeaderView.swift in Sources */,
				BF4109722E3166F400BE2AD8 /* AgitationIndicatorView.swift in Sources */,
				BF4109732E3166F400BE2AD8 /* TimerProgressView.swift in Sources */,
				BF4109162E31052900BE2AD8 /* ActionButtonsView.swift in Sources */,
				BFF4DA032E21C31E0097BE82 /* AgitationSelectionView.swift in Sources */,
				BFF4D9FF2E21BECD0097BE82 /* TimerView.swift in Sources */,
				BF4109352E311CA800BE2AD8 /* CoreDataService.swift in Sources */,
				BFF4DA012E21C2C90097BE82 /* AgitationMode.swift in Sources */,
				BFA0C79F2E2133FC00132936 /* FilmClaculatorApp.swift in Sources */,
				BF41095B2E3163E400BE2AD8 /* FilmPickerView.swift in Sources */,
				BF41095C2E3163E400BE2AD8 /* DevelopmentParametersView.swift in Sources */,
				BF41095D2E3163E400BE2AD8 /* DeveloperPickerView.swift in Sources */,
				BF41093C2E3130B000BE2AD8 /* CalculatorViewModel.swift in Sources */,
				BFF4DA052E21C8C30097BE82 /* CustomAgitationView.swift in Sources */,
				BF41096A2E31653800BE2AD8 /* DevelopmentSetupViewModel.swift in Sources */,
				BFA0C7AD2E2134F800132936 /* JournalView.swift in Sources */,
				BF41093F2E31318D00BE2AD8 /* JournalViewModel.swift in Sources */,
				BF4109402E31318D00BE2AD8 /* TimerViewModel.swift in Sources */,
				BF4109302E31151800BE2AD8 /* DevelopmentSetupView.swift in Sources */,
				BF4109662E31643100BE2AD8 /* ISOPickerView.swift in Sources */,
				BF4109642E31641B00BE2AD8 /* TemperaturePickerView.swift in Sources */,
				BFA0C7A92E2134BA00132936 /* DevelopmentCalculator.swift in Sources */,
				BFE12EC12E360C010044A3A4 /* AppPreview.swift in Sources */,
				BFA0C7A02E2133FC00132936 /* Persistence.swift in Sources */,
			);
			runOnlyForDeploymentPostprocessing = 0;
		};
/* End PBXSourcesBuildPhase section */

/* Begin PBXVariantGroup section */
		BFE12EAE2E33C5120044A3A4 /* Localizable.strings */ = {
			isa = PBXVariantGroup;
			children = (
				BFE12EAC2E33C5120044A3A4 /* en */,
				BFE12EAD2E33C5120044A3A4 /* ru */,
			);
			name = Localizable.strings;
			sourceTree = "<group>";
		};
/* End PBXVariantGroup section */

/* Begin XCBuildConfiguration section */
		BFE96A472E2061A3001CF98D /* Debug */ = {
			isa = XCBuildConfiguration;
			buildSettings = {
				ALWAYS_SEARCH_USER_PATHS = NO;
				ASSETCATALOG_COMPILER_GENERATE_SWIFT_ASSET_SYMBOL_EXTENSIONS = YES;
				CLANG_ANALYZER_NONNULL = YES;
				CLANG_ANALYZER_NUMBER_OBJECT_CONVERSION = YES_AGGRESSIVE;
				CLANG_CXX_LANGUAGE_STANDARD = "gnu++20";
				CLANG_ENABLE_MODULES = YES;
				CLANG_ENABLE_OBJC_ARC = YES;
				CLANG_ENABLE_OBJC_WEAK = YES;
				CLANG_WARN_BLOCK_CAPTURE_AUTORELEASING = YES;
				CLANG_WARN_BOOL_CONVERSION = YES;
				CLANG_WARN_COMMA = YES;
				CLANG_WARN_CONSTANT_CONVERSION = YES;
				CLANG_WARN_DEPRECATED_OBJC_IMPLEMENTATIONS = YES;
				CLANG_WARN_DIRECT_OBJC_ISA_USAGE = YES_ERROR;
				CLANG_WARN_DOCUMENTATION_COMMENTS = YES;
				CLANG_WARN_EMPTY_BODY = YES;
				CLANG_WARN_ENUM_CONVERSION = YES;
				CLANG_WARN_INFINITE_RECURSION = YES;
				CLANG_WARN_INT_CONVERSION = YES;
				CLANG_WARN_NON_LITERAL_NULL_CONVERSION = YES;
				CLANG_WARN_OBJC_IMPLICIT_RETAIN_SELF = YES;
				CLANG_WARN_OBJC_LITERAL_CONVERSION = YES;
				CLANG_WARN_OBJC_ROOT_CLASS = YES_ERROR;
				CLANG_WARN_QUOTED_INCLUDE_IN_FRAMEWORK_HEADER = YES;
				CLANG_WARN_RANGE_LOOP_ANALYSIS = YES;
				CLANG_WARN_STRICT_PROTOTYPES = YES;
				CLANG_WARN_SUSPICIOUS_MOVE = YES;
				CLANG_WARN_UNGUARDED_AVAILABILITY = YES_AGGRESSIVE;
				CLANG_WARN_UNREACHABLE_CODE = YES;
				CLANG_WARN__DUPLICATE_METHOD_MATCH = YES;
				COPY_PHASE_STRIP = NO;
				DEBUG_INFORMATION_FORMAT = dwarf;
				DEVELOPMENT_TEAM = PK2473XF3P;
				ENABLE_STRICT_OBJC_MSGSEND = YES;
				ENABLE_TESTABILITY = YES;
				ENABLE_USER_SCRIPT_SANDBOXING = YES;
				GCC_C_LANGUAGE_STANDARD = gnu17;
				GCC_DYNAMIC_NO_PIC = NO;
				GCC_NO_COMMON_BLOCKS = YES;
				GCC_OPTIMIZATION_LEVEL = 0;
				GCC_PREPROCESSOR_DEFINITIONS = (
					"DEBUG=1",
					"$(inherited)",
				);
				GCC_WARN_64_TO_32_BIT_CONVERSION = YES;
				GCC_WARN_ABOUT_RETURN_TYPE = YES_ERROR;
				GCC_WARN_UNDECLARED_SELECTOR = YES;
				GCC_WARN_UNINITIALIZED_AUTOS = YES_AGGRESSIVE;
				GCC_WARN_UNUSED_FUNCTION = YES;
				GCC_WARN_UNUSED_VARIABLE = YES;
				IPHONEOS_DEPLOYMENT_TARGET = 18.5;
				LOCALIZATION_PREFERS_STRING_CATALOGS = YES;
				MTL_ENABLE_DEBUG_INFO = INCLUDE_SOURCE;
				MTL_FAST_MATH = YES;
				ONLY_ACTIVE_ARCH = YES;
				SDKROOT = iphoneos;
				SWIFT_ACTIVE_COMPILATION_CONDITIONS = "DEBUG $(inherited)";
				SWIFT_OPTIMIZATION_LEVEL = "-Onone";
			};
			name = Debug;
		};
		BFE96A482E2061A3001CF98D /* Release */ = {
			isa = XCBuildConfiguration;
			buildSettings = {
				ALWAYS_SEARCH_USER_PATHS = NO;
				ASSETCATALOG_COMPILER_GENERATE_SWIFT_ASSET_SYMBOL_EXTENSIONS = YES;
				CLANG_ANALYZER_NONNULL = YES;
				CLANG_ANALYZER_NUMBER_OBJECT_CONVERSION = YES_AGGRESSIVE;
				CLANG_CXX_LANGUAGE_STANDARD = "gnu++20";
				CLANG_ENABLE_MODULES = YES;
				CLANG_ENABLE_OBJC_ARC = YES;
				CLANG_ENABLE_OBJC_WEAK = YES;
				CLANG_WARN_BLOCK_CAPTURE_AUTORELEASING = YES;
				CLANG_WARN_BOOL_CONVERSION = YES;
				CLANG_WARN_COMMA = YES;
				CLANG_WARN_CONSTANT_CONVERSION = YES;
				CLANG_WARN_DEPRECATED_OBJC_IMPLEMENTATIONS = YES;
				CLANG_WARN_DIRECT_OBJC_ISA_USAGE = YES_ERROR;
				CLANG_WARN_DOCUMENTATION_COMMENTS = YES;
				CLANG_WARN_EMPTY_BODY = YES;
				CLANG_WARN_ENUM_CONVERSION = YES;
				CLANG_WARN_INFINITE_RECURSION = YES;
				CLANG_WARN_INT_CONVERSION = YES;
				CLANG_WARN_NON_LITERAL_NULL_CONVERSION = YES;
				CLANG_WARN_OBJC_IMPLICIT_RETAIN_SELF = YES;
				CLANG_WARN_OBJC_LITERAL_CONVERSION = YES;
				CLANG_WARN_OBJC_ROOT_CLASS = YES_ERROR;
				CLANG_WARN_QUOTED_INCLUDE_IN_FRAMEWORK_HEADER = YES;
				CLANG_WARN_RANGE_LOOP_ANALYSIS = YES;
				CLANG_WARN_STRICT_PROTOTYPES = YES;
				CLANG_WARN_SUSPICIOUS_MOVE = YES;
				CLANG_WARN_UNGUARDED_AVAILABILITY = YES_AGGRESSIVE;
				CLANG_WARN_UNREACHABLE_CODE = YES;
				CLANG_WARN__DUPLICATE_METHOD_MATCH = YES;
				COPY_PHASE_STRIP = NO;
				DEBUG_INFORMATION_FORMAT = "dwarf-with-dsym";
				DEVELOPMENT_TEAM = PK2473XF3P;
				ENABLE_NS_ASSERTIONS = NO;
				ENABLE_STRICT_OBJC_MSGSEND = YES;
				ENABLE_USER_SCRIPT_SANDBOXING = YES;
				GCC_C_LANGUAGE_STANDARD = gnu17;
				GCC_NO_COMMON_BLOCKS = YES;
				GCC_WARN_64_TO_32_BIT_CONVERSION = YES;
				GCC_WARN_ABOUT_RETURN_TYPE = YES_ERROR;
				GCC_WARN_UNDECLARED_SELECTOR = YES;
				GCC_WARN_UNINITIALIZED_AUTOS = YES_AGGRESSIVE;
				GCC_WARN_UNUSED_FUNCTION = YES;
				GCC_WARN_UNUSED_VARIABLE = YES;
				IPHONEOS_DEPLOYMENT_TARGET = 18.5;
				LOCALIZATION_PREFERS_STRING_CATALOGS = YES;
				MTL_ENABLE_DEBUG_INFO = NO;
				MTL_FAST_MATH = YES;
				SDKROOT = iphoneos;
				SWIFT_COMPILATION_MODE = wholemodule;
				VALIDATE_PRODUCT = YES;
			};
			name = Release;
		};
		BFE96A4A2E2061A3001CF98D /* Debug */ = {
			isa = XCBuildConfiguration;
			buildSettings = {
				ASSETCATALOG_COMPILER_APPICON_NAME = AppIcon;
				ASSETCATALOG_COMPILER_GLOBAL_ACCENT_COLOR_NAME = AccentColor;
				CODE_SIGN_IDENTITY = "Apple Development";
				CODE_SIGN_STYLE = Automatic;
				CURRENT_PROJECT_VERSION = 1;
				DEVELOPMENT_TEAM = PK2473XF3P;
				ENABLE_PREVIEWS = YES;
				GENERATE_INFOPLIST_FILE = YES;
				INFOPLIST_KEY_CFBundleDisplayName = "Film Dev Calculator";
				INFOPLIST_KEY_LSApplicationCategoryType = "public.app-category.photography";
				INFOPLIST_KEY_UIApplicationSceneManifest_Generation = YES;
				INFOPLIST_KEY_UIApplicationSupportsIndirectInputEvents = YES;
				INFOPLIST_KEY_UILaunchScreen_Generation = YES;
				INFOPLIST_KEY_UISupportedInterfaceOrientations = UIInterfaceOrientationPortrait;
				INFOPLIST_KEY_UISupportedInterfaceOrientations_iPad = "UIInterfaceOrientationLandscapeLeft UIInterfaceOrientationLandscapeRight UIInterfaceOrientationPortrait UIInterfaceOrientationPortraitUpsideDown";
				IPHONEOS_DEPLOYMENT_TARGET = 15.6;
				LD_RUNPATH_SEARCH_PATHS = (
					"$(inherited)",
					"@executable_path/Frameworks",
				);
				MARKETING_VERSION = 1.0;
				PRODUCT_BUNDLE_IDENTIFIER = maximeliseyev.filmclaculator;
				PRODUCT_NAME = "$(TARGET_NAME)";
				PROVISIONING_PROFILE_SPECIFIER = "";
				SWIFT_EMIT_LOC_STRINGS = YES;
				SWIFT_VERSION = 5.0;
				TARGETED_DEVICE_FAMILY = "1,2";
			};
			name = Debug;
		};
		BFE96A4B2E2061A3001CF98D /* Release */ = {
			isa = XCBuildConfiguration;
			buildSettings = {
				ASSETCATALOG_COMPILER_APPICON_NAME = AppIcon;
				ASSETCATALOG_COMPILER_GLOBAL_ACCENT_COLOR_NAME = AccentColor;
				CODE_SIGN_IDENTITY = "Apple Development";
				CODE_SIGN_STYLE = Automatic;
				CURRENT_PROJECT_VERSION = 1;
				DEVELOPMENT_TEAM = PK2473XF3P;
				ENABLE_PREVIEWS = YES;
				GENERATE_INFOPLIST_FILE = YES;
				INFOPLIST_KEY_CFBundleDisplayName = "Film Dev Calculator";
				INFOPLIST_KEY_LSApplicationCategoryType = "public.app-category.photography";
				INFOPLIST_KEY_UIApplicationSceneManifest_Generation = YES;
				INFOPLIST_KEY_UIApplicationSupportsIndirectInputEvents = YES;
				INFOPLIST_KEY_UILaunchScreen_Generation = YES;
				INFOPLIST_KEY_UISupportedInterfaceOrientations = UIInterfaceOrientationPortrait;
				INFOPLIST_KEY_UISupportedInterfaceOrientations_iPad = "UIInterfaceOrientationLandscapeLeft UIInterfaceOrientationLandscapeRight UIInterfaceOrientationPortrait UIInterfaceOrientationPortraitUpsideDown";
				IPHONEOS_DEPLOYMENT_TARGET = 15.6;
				LD_RUNPATH_SEARCH_PATHS = (
					"$(inherited)",
					"@executable_path/Frameworks",
				);
				MARKETING_VERSION = 1.0;
				PRODUCT_BUNDLE_IDENTIFIER = maximeliseyev.filmclaculator;
				PRODUCT_NAME = "$(TARGET_NAME)";
				PROVISIONING_PROFILE_SPECIFIER = "";
				SWIFT_EMIT_LOC_STRINGS = YES;
				SWIFT_VERSION = 5.0;
				TARGETED_DEVICE_FAMILY = "1,2";
			};
			name = Release;
		};
/* End XCBuildConfiguration section */

/* Begin XCConfigurationList section */
		BFE96A342E2061A0001CF98D /* Build configuration list for PBXProject "FilmClaculator" */ = {
			isa = XCConfigurationList;
			buildConfigurations = (
				BFE96A472E2061A3001CF98D /* Debug */,
				BFE96A482E2061A3001CF98D /* Release */,
			);
			defaultConfigurationIsVisible = 0;
			defaultConfigurationName = Release;
		};
		BFE96A492E2061A3001CF98D /* Build configuration list for PBXNativeTarget "Film claculator" */ = {
			isa = XCConfigurationList;
			buildConfigurations = (
				BFE96A4A2E2061A3001CF98D /* Debug */,
				BFE96A4B2E2061A3001CF98D /* Release */,
			);
			defaultConfigurationIsVisible = 0;
			defaultConfigurationName = Release;
		};
/* End XCConfigurationList section */

/* Begin XCVersionGroup section */
		BF4109312E311C8100BE2AD8 /* FilmСlaculator.xcdatamodeld */ = {
			isa = XCVersionGroup;
			children = (
				BF4109322E311C8100BE2AD8 /* FilmСlaculator.xcdatamodel */,
			);
			currentVersion = BF4109322E311C8100BE2AD8 /* FilmСlaculator.xcdatamodel */;
			path = "FilmСlaculator.xcdatamodeld";
			sourceTree = "<group>";
			versionGroupType = wrapper.xcdatamodel;
		};
/* End XCVersionGroup section */
	};
	rootObject = BFE96A312E2061A0001CF98D /* Project object */;
}
