// !$*UTF8*$!
{
	archiveVersion = 1;
	classes = {
	};
	objectVersion = 77;
	objects = {

/* Begin PBXBuildFile section */
		BF4109102E31052900BE2AD8 /* CalculationFormView.swift in Sources */ = {isa = PBXBuildFile; fileRef = BF41090A2E31052900BE2AD8 /* CalculationFormView.swift */; };
		BF4109112E31052900BE2AD8 /* CoefficientInputView.swift in Sources */ = {isa = PBXBuildFile; fileRef = BF41090B2E31052900BE2AD8 /* CoefficientInputView.swift */; };
		BF4109122E31052900BE2AD8 /* TimeInputView.swift in Sources */ = {isa = PBXBuildFile; fileRef = BF41090F2E31052900BE2AD8 /* TimeInputView.swift */; };
		BF4109132E31052900BE2AD8 /* ProcessTypeView.swift in Sources */ = {isa = PBXBuildFile; fileRef = BF41090D2E31052900BE2AD8 /* ProcessTypeView.swift */; };
		BF4109142E31052900BE2AD8 /* StepsInputView.swift in Sources */ = {isa = PBXBuildFile; fileRef = BF41090E2E31052900BE2AD8 /* StepsInputView.swift */; };
		BF4109152E31052900BE2AD8 /* HeaderView.swift in Sources */ = {isa = PBXBuildFile; fileRef = BF41090C2E31052900BE2AD8 /* HeaderView.swift */; };
		BF4109162E31052900BE2AD8 /* ActionButtonsView.swift in Sources */ = {isa = PBXBuildFile; fileRef = BF4109092E31052900BE2AD8 /* ActionButtonsView.swift */; };
		BF41091A2E3109BD00BE2AD8 /* TestAgitationModes.swift in Sources */ = {isa = PBXBuildFile; fileRef = BF4109182E3109BD00BE2AD8 /* TestAgitationModes.swift */; };
		BF41091B2E3109BD00BE2AD8 /* TestORWOScheme.swift in Sources */ = {isa = PBXBuildFile; fileRef = BF4109192E3109BD00BE2AD8 /* TestORWOScheme.swift */; };
		BF4109272E31148700BE2AD8 /* DevelopmentParameters.swift in Sources */ = {isa = PBXBuildFile; fileRef = BF4109252E31148700BE2AD8 /* DevelopmentParameters.swift */; };
		BF41092E2E3114E500BE2AD8 /* CalculationViewModel.swift in Sources */ = {isa = PBXBuildFile; fileRef = BF41092D2E3114E500BE2AD8 /* CalculationViewModel.swift */; };
		BF4109302E31151800BE2AD8 /* DevelopmentSetupView.swift in Sources */ = {isa = PBXBuildFile; fileRef = BF41092F2E31151800BE2AD8 /* DevelopmentSetupView.swift */; };
		BF4109332E311C8100BE2AD8 /* FilmСlaculator.xcdatamodeld in Sources */ = {isa = PBXBuildFile; fileRef = BF4109312E311C8100BE2AD8 /* FilmСlaculator.xcdatamodeld */; };
		BF4109352E311CA800BE2AD8 /* CoreDataService.swift in Sources */ = {isa = PBXBuildFile; fileRef = BF4109342E311CA800BE2AD8 /* CoreDataService.swift */; };
		BFA0C79B2E2133FC00132936 /* Assets.xcassets in Resources */ = {isa = PBXBuildFile; fileRef = BFA0C7932E2133FC00132936 /* Assets.xcassets */; };
		BFA0C79D2E2133FC00132936 /* ContentView.swift in Sources */ = {isa = PBXBuildFile; fileRef = BFA0C7952E2133FC00132936 /* ContentView.swift */; };
		BFA0C79F2E2133FC00132936 /* FilmClaculatorApp.swift in Sources */ = {isa = PBXBuildFile; fileRef = BFA0C7972E2133FC00132936 /* FilmClaculatorApp.swift */; };
		BFA0C7A02E2133FC00132936 /* Persistence.swift in Sources */ = {isa = PBXBuildFile; fileRef = BFA0C7982E2133FC00132936 /* Persistence.swift */; };
		BFA0C7A12E2133FC00132936 /* Calculator.swift in Resources */ = {isa = PBXBuildFile; fileRef = BFA0C7942E2133FC00132936 /* Calculator.swift */; };
		BFA0C7A82E2134B400132936 /* CalculationResultView.swift in Sources */ = {isa = PBXBuildFile; fileRef = BFA0C7A72E2134B300132936 /* CalculationResultView.swift */; };
		BFA0C7A92E2134BA00132936 /* DevelopmentCalculator.swift in Sources */ = {isa = PBXBuildFile; fileRef = BFA0C7A62E21349100132936 /* DevelopmentCalculator.swift */; };
		BFA0C7AB2E2134D800132936 /* SaveRecordView.swift in Sources */ = {isa = PBXBuildFile; fileRef = BFA0C7AA2E2134D600132936 /* SaveRecordView.swift */; };
		BFA0C7AD2E2134F800132936 /* JournalView.swift in Sources */ = {isa = PBXBuildFile; fileRef = BFA0C7AC2E2134F600132936 /* JournalView.swift */; };
		BFA0C7AF2E21351300132936 /* RecordRowView.swift in Sources */ = {isa = PBXBuildFile; fileRef = BFA0C7AE2E21351000132936 /* RecordRowView.swift */; };
		BFF4D9FF2E21BECD0097BE82 /* TimerView.swift in Sources */ = {isa = PBXBuildFile; fileRef = BFF4D9FE2E21BEC90097BE82 /* TimerView.swift */; };
		BFF4DA012E21C2C90097BE82 /* AgitationMode.swift in Sources */ = {isa = PBXBuildFile; fileRef = BFF4DA002E21C2C90097BE82 /* AgitationMode.swift */; };
		BFF4DA032E21C31E0097BE82 /* AgitationSelectionView.swift in Sources */ = {isa = PBXBuildFile; fileRef = BFF4DA022E21C31E0097BE82 /* AgitationSelectionView.swift */; };
		BFF4DA052E21C8C30097BE82 /* CustomAgitationView.swift in Sources */ = {isa = PBXBuildFile; fileRef = BFF4DA042E21C8C30097BE82 /* CustomAgitationView.swift */; };
/* End PBXBuildFile section */

/* Begin PBXFileReference section */
		BF4109092E31052900BE2AD8 /* ActionButtonsView.swift */ = {isa = PBXFileReference; lastKnownFileType = sourcecode.swift; path = ActionButtonsView.swift; sourceTree = "<group>"; };
		BF41090A2E31052900BE2AD8 /* CalculationFormView.swift */ = {isa = PBXFileReference; lastKnownFileType = sourcecode.swift; path = CalculationFormView.swift; sourceTree = "<group>"; };
		BF41090B2E31052900BE2AD8 /* CoefficientInputView.swift */ = {isa = PBXFileReference; lastKnownFileType = sourcecode.swift; path = CoefficientInputView.swift; sourceTree = "<group>"; };
		BF41090C2E31052900BE2AD8 /* HeaderView.swift */ = {isa = PBXFileReference; lastKnownFileType = sourcecode.swift; path = HeaderView.swift; sourceTree = "<group>"; };
		BF41090D2E31052900BE2AD8 /* ProcessTypeView.swift */ = {isa = PBXFileReference; lastKnownFileType = sourcecode.swift; path = ProcessTypeView.swift; sourceTree = "<group>"; };
		BF41090E2E31052900BE2AD8 /* StepsInputView.swift */ = {isa = PBXFileReference; lastKnownFileType = sourcecode.swift; path = StepsInputView.swift; sourceTree = "<group>"; };
		BF41090F2E31052900BE2AD8 /* TimeInputView.swift */ = {isa = PBXFileReference; lastKnownFileType = sourcecode.swift; path = TimeInputView.swift; sourceTree = "<group>"; };
		BF4109182E3109BD00BE2AD8 /* TestAgitationModes.swift */ = {isa = PBXFileReference; lastKnownFileType = sourcecode.swift; path = TestAgitationModes.swift; sourceTree = "<group>"; };
		BF4109192E3109BD00BE2AD8 /* TestORWOScheme.swift */ = {isa = PBXFileReference; lastKnownFileType = sourcecode.swift; path = TestORWOScheme.swift; sourceTree = "<group>"; };
		BF4109252E31148700BE2AD8 /* DevelopmentParameters.swift */ = {isa = PBXFileReference; lastKnownFileType = sourcecode.swift; path = DevelopmentParameters.swift; sourceTree = "<group>"; };
		BF41092D2E3114E500BE2AD8 /* CalculationViewModel.swift */ = {isa = PBXFileReference; lastKnownFileType = sourcecode.swift; path = CalculationViewModel.swift; sourceTree = "<group>"; };
		BF41092F2E31151800BE2AD8 /* DevelopmentSetupView.swift */ = {isa = PBXFileReference; lastKnownFileType = sourcecode.swift; path = DevelopmentSetupView.swift; sourceTree = "<group>"; };
		BF4109322E311C8100BE2AD8 /* FilmСlaculator.xcdatamodel */ = {isa = PBXFileReference; lastKnownFileType = wrapper.xcdatamodel; path = "FilmСlaculator.xcdatamodel"; sourceTree = "<group>"; };
		BF4109342E311CA800BE2AD8 /* CoreDataService.swift */ = {isa = PBXFileReference; lastKnownFileType = sourcecode.swift; path = CoreDataService.swift; sourceTree = "<group>"; };
		BFA0C7932E2133FC00132936 /* Assets.xcassets */ = {isa = PBXFileReference; lastKnownFileType = folder.assetcatalog; path = Assets.xcassets; sourceTree = "<group>"; };
		BFA0C7942E2133FC00132936 /* Calculator.swift */ = {isa = PBXFileReference; lastKnownFileType = sourcecode.swift; path = Calculator.swift; sourceTree = "<group>"; };
		BFA0C7952E2133FC00132936 /* ContentView.swift */ = {isa = PBXFileReference; lastKnownFileType = sourcecode.swift; path = ContentView.swift; sourceTree = "<group>"; };
		BFA0C7972E2133FC00132936 /* FilmClaculatorApp.swift */ = {isa = PBXFileReference; lastKnownFileType = sourcecode.swift; path = FilmClaculatorApp.swift; sourceTree = "<group>"; };
		BFA0C7982E2133FC00132936 /* Persistence.swift */ = {isa = PBXFileReference; lastKnownFileType = sourcecode.swift; path = Persistence.swift; sourceTree = "<group>"; };
		BFA0C7A62E21349100132936 /* DevelopmentCalculator.swift */ = {isa = PBXFileReference; lastKnownFileType = sourcecode.swift; path = DevelopmentCalculator.swift; sourceTree = "<group>"; };
		BFA0C7A72E2134B300132936 /* CalculationResultView.swift */ = {isa = PBXFileReference; lastKnownFileType = sourcecode.swift; path = CalculationResultView.swift; sourceTree = "<group>"; };
		BFA0C7AA2E2134D600132936 /* SaveRecordView.swift */ = {isa = PBXFileReference; lastKnownFileType = sourcecode.swift; path = SaveRecordView.swift; sourceTree = "<group>"; };
		BFA0C7AC2E2134F600132936 /* JournalView.swift */ = {isa = PBXFileReference; lastKnownFileType = sourcecode.swift; path = JournalView.swift; sourceTree = "<group>"; };
		BFA0C7AE2E21351000132936 /* RecordRowView.swift */ = {isa = PBXFileReference; lastKnownFileType = sourcecode.swift; path = RecordRowView.swift; sourceTree = "<group>"; };
		BFE96A392E2061A0001CF98D /* Film claculator.app */ = {isa = PBXFileReference; explicitFileType = wrapper.application; includeInIndex = 0; path = "Film claculator.app"; sourceTree = BUILT_PRODUCTS_DIR; };
		BFF4D9FE2E21BEC90097BE82 /* TimerView.swift */ = {isa = PBXFileReference; lastKnownFileType = sourcecode.swift; path = TimerView.swift; sourceTree = "<group>"; };
		BFF4DA002E21C2C90097BE82 /* AgitationMode.swift */ = {isa = PBXFileReference; lastKnownFileType = sourcecode.swift; path = AgitationMode.swift; sourceTree = "<group>"; };
		BFF4DA022E21C31E0097BE82 /* AgitationSelectionView.swift */ = {isa = PBXFileReference; lastKnownFileType = sourcecode.swift; path = AgitationSelectionView.swift; sourceTree = "<group>"; };
		BFF4DA042E21C8C30097BE82 /* CustomAgitationView.swift */ = {isa = PBXFileReference; lastKnownFileType = sourcecode.swift; path = CustomAgitationView.swift; sourceTree = "<group>"; };
/* End PBXFileReference section */

/* Begin PBXFrameworksBuildPhase section */
		BFE96A362E2061A0001CF98D /* Frameworks */ = {
			isa = PBXFrameworksBuildPhase;
			buildActionMask = 2147483647;
			files = (
			);
			runOnlyForDeploymentPostprocessing = 0;
		};
/* End PBXFrameworksBuildPhase section */

/* Begin PBXGroup section */
		BF4109082E3104FC00BE2AD8 /* Components */ = {
			isa = PBXGroup;
			children = (
				BF4109092E31052900BE2AD8 /* ActionButtonsView.swift */,
				BF41090A2E31052900BE2AD8 /* CalculationFormView.swift */,
				BF41090B2E31052900BE2AD8 /* CoefficientInputView.swift */,
				BF41090C2E31052900BE2AD8 /* HeaderView.swift */,
				BF41090D2E31052900BE2AD8 /* ProcessTypeView.swift */,
				BF41090E2E31052900BE2AD8 /* StepsInputView.swift */,
				BF41090F2E31052900BE2AD8 /* TimeInputView.swift */,
			);
			path = Components;
			sourceTree = "<group>";
		};
		BF4109172E3109A400BE2AD8 /* Tests */ = {
			isa = PBXGroup;
			children = (
				BF4109182E3109BD00BE2AD8 /* TestAgitationModes.swift */,
				BF4109192E3109BD00BE2AD8 /* TestORWOScheme.swift */,
			);
			path = Tests;
			sourceTree = "<group>";
		};
		BF41092C2E3114BA00BE2AD8 /* ViewModels */ = {
			isa = PBXGroup;
			children = (
				BF41092D2E3114E500BE2AD8 /* CalculationViewModel.swift */,
			);
			path = ViewModels;
			sourceTree = "<group>";
		};
		BFA0C7992E2133FC00132936 /* Views */ = {
			isa = PBXGroup;
			children = (
				BF4109082E3104FC00BE2AD8 /* Components */,
				BFF4DA042E21C8C30097BE82 /* CustomAgitationView.swift */,
				BFF4DA022E21C31E0097BE82 /* AgitationSelectionView.swift */,
				BFF4D9FE2E21BEC90097BE82 /* TimerView.swift */,
				BFA0C7AE2E21351000132936 /* RecordRowView.swift */,
				BFA0C7AC2E2134F600132936 /* JournalView.swift */,
				BFA0C7AA2E2134D600132936 /* SaveRecordView.swift */,
				BFA0C7A72E2134B300132936 /* CalculationResultView.swift */,
				BFA0C7942E2133FC00132936 /* Calculator.swift */,
				BF41092F2E31151800BE2AD8 /* DevelopmentSetupView.swift */,
				BFA0C7952E2133FC00132936 /* ContentView.swift */,
				BFA0C7972E2133FC00132936 /* FilmClaculatorApp.swift */,
				BFA0C7982E2133FC00132936 /* Persistence.swift */,
			);
			path = Views;
			sourceTree = "<group>";
		};
		BFA0C7A22E21341400132936 /* Services */ = {
			isa = PBXGroup;
			children = (
				BFF4DA002E21C2C90097BE82 /* AgitationMode.swift */,
				BF4109342E311CA800BE2AD8 /* CoreDataService.swift */,
				BFA0C7A62E21349100132936 /* DevelopmentCalculator.swift */,
			);
			path = Services;
			sourceTree = "<group>";
		};
		BFA0C7A32E21341F00132936 /* Models */ = {
			isa = PBXGroup;
			children = (
				BF4109252E31148700BE2AD8 /* DevelopmentParameters.swift */,
			);
			path = Models;
			sourceTree = "<group>";
		};
		BFA0C7B02E2136A500132936 /* Resources */ = {
			isa = PBXGroup;
			children = (
				BF4109312E311C8100BE2AD8 /* FilmСlaculator.xcdatamodeld */,
				BFA0C7932E2133FC00132936 /* Assets.xcassets */,
			);
			path = Resources;
			sourceTree = "<group>";
		};
		BFE96A302E2061A0001CF98D = {
			isa = PBXGroup;
			children = (
				BFA0C7A32E21341F00132936 /* Models */,
				BFA0C7A22E21341400132936 /* Services */,
				BF41092C2E3114BA00BE2AD8 /* ViewModels */,
				BFA0C7992E2133FC00132936 /* Views */,
				BFA0C7B02E2136A500132936 /* Resources */,
				BFE96A3A2E2061A0001CF98D /* Products */,
				BF4109172E3109A400BE2AD8 /* Tests */,
			);
			sourceTree = "<group>";
		};
		BFE96A3A2E2061A0001CF98D /* Products */ = {
			isa = PBXGroup;
			children = (
				BFE96A392E2061A0001CF98D /* Film claculator.app */,
			);
			name = Products;
			sourceTree = "<group>";
		};
/* End PBXGroup section */

/* Begin PBXNativeTarget section */
		BFE96A382E2061A0001CF98D /* Film claculator */ = {
			isa = PBXNativeTarget;
			buildConfigurationList = BFE96A492E2061A3001CF98D /* Build configuration list for PBXNativeTarget "Film claculator" */;
			buildPhases = (
				BFE96A352E2061A0001CF98D /* Sources */,
				BFE96A362E2061A0001CF98D /* Frameworks */,
				BFE96A372E2061A0001CF98D /* Resources */,
			);
			buildRules = (
			);
			dependencies = (
			);
			name = "Film claculator";
			packageProductDependencies = (
			);
			productName = "Film claculator";
			productReference = BFE96A392E2061A0001CF98D /* Film claculator.app */;
			productType = "com.apple.product-type.application";
		};
/* End PBXNativeTarget section */

/* Begin PBXProject section */
		BFE96A312E2061A0001CF98D /* Project object */ = {
			isa = PBXProject;
			attributes = {
				BuildIndependentTargetsInParallel = 1;
				LastSwiftUpdateCheck = 1640;
				LastUpgradeCheck = 1640;
				TargetAttributes = {
					BFE96A382E2061A0001CF98D = {
						CreatedOnToolsVersion = 16.4;
					};
				};
			};
			buildConfigurationList = BFE96A342E2061A0001CF98D /* Build configuration list for PBXProject "FilmClaculator" */;
			developmentRegion = en;
			hasScannedForEncodings = 0;
			knownRegions = (
				en,
				Base,
			);
			mainGroup = BFE96A302E2061A0001CF98D;
			minimizedProjectReferenceProxies = 1;
			preferredProjectObjectVersion = 77;
			productRefGroup = BFE96A3A2E2061A0001CF98D /* Products */;
			projectDirPath = "";
			projectRoot = "";
			targets = (
				BFE96A382E2061A0001CF98D /* Film claculator */,
			);
		};
/* End PBXProject section */

/* Begin PBXResourcesBuildPhase section */
		BFE96A372E2061A0001CF98D /* Resources */ = {
			isa = PBXResourcesBuildPhase;
			buildActionMask = 2147483647;
			files = (
				BFA0C79B2E2133FC00132936 /* Assets.xcassets in Resources */,
				BFA0C7A12E2133FC00132936 /* Calculator.swift in Resources */,
			);
			runOnlyForDeploymentPostprocessing = 0;
		};
/* End PBXResourcesBuildPhase section */

/* Begin PBXSourcesBuildPhase section */
		BFE96A352E2061A0001CF98D /* Sources */ = {
			isa = PBXSourcesBuildPhase;
			buildActionMask = 2147483647;
			files = (
				BF41091A2E3109BD00BE2AD8 /* TestAgitationModes.swift in Sources */,
				BF41091B2E3109BD00BE2AD8 /* TestORWOScheme.swift in Sources */,
				BF4109332E311C8100BE2AD8 /* FilmСlaculator.xcdatamodeld in Sources */,
				BF4109272E31148700BE2AD8 /* DevelopmentParameters.swift in Sources */,
				BFA0C7AB2E2134D800132936 /* SaveRecordView.swift in Sources */,
				BFA0C7AF2E21351300132936 /* RecordRowView.swift in Sources */,
				BFA0C79D2E2133FC00132936 /* ContentView.swift in Sources */,
				BFA0C7A82E2134B400132936 /* CalculationResultView.swift in Sources */,
				BF4109102E31052900BE2AD8 /* CalculationFormView.swift in Sources */,
				BF4109112E31052900BE2AD8 /* CoefficientInputView.swift in Sources */,
				BF4109122E31052900BE2AD8 /* TimeInputView.swift in Sources */,
				BF4109132E31052900BE2AD8 /* ProcessTypeView.swift in Sources */,
				BF41092E2E3114E500BE2AD8 /* CalculationViewModel.swift in Sources */,
				BF4109142E31052900BE2AD8 /* StepsInputView.swift in Sources */,
				BF4109152E31052900BE2AD8 /* HeaderView.swift in Sources */,
				BF4109162E31052900BE2AD8 /* ActionButtonsView.swift in Sources */,
				BFF4DA032E21C31E0097BE82 /* AgitationSelectionView.swift in Sources */,
				BFF4D9FF2E21BECD0097BE82 /* TimerView.swift in Sources */,
				BF4109352E311CA800BE2AD8 /* CoreDataService.swift in Sources */,
				BFF4DA012E21C2C90097BE82 /* AgitationMode.swift in Sources */,
				BFA0C79F2E2133FC00132936 /* FilmClaculatorApp.swift in Sources */,
				BFF4DA052E21C8C30097BE82 /* CustomAgitationView.swift in Sources */,
				BFA0C7AD2E2134F800132936 /* JournalView.swift in Sources */,
				BF4109302E31151800BE2AD8 /* DevelopmentSetupView.swift in Sources */,
				BFA0C7A92E2134BA00132936 /* DevelopmentCalculator.swift in Sources */,
				BFA0C7A02E2133FC00132936 /* Persistence.swift in Sources */,
			);
			runOnlyForDeploymentPostprocessing = 0;
		};
/* End PBXSourcesBuildPhase section */

/* Begin XCBuildConfiguration section */
		BFE96A472E2061A3001CF98D /* Debug */ = {
			isa = XCBuildConfiguration;
			buildSettings = {
				ALWAYS_SEARCH_USER_PATHS = NO;
				ASSETCATALOG_COMPILER_GENERATE_SWIFT_ASSET_SYMBOL_EXTENSIONS = YES;
				CLANG_ANALYZER_NONNULL = YES;
				CLANG_ANALYZER_NUMBER_OBJECT_CONVERSION = YES_AGGRESSIVE;
				CLANG_CXX_LANGUAGE_STANDARD = "gnu++20";
				CLANG_ENABLE_MODULES = YES;
				CLANG_ENABLE_OBJC_ARC = YES;
				CLANG_ENABLE_OBJC_WEAK = YES;
				CLANG_WARN_BLOCK_CAPTURE_AUTORELEASING = YES;
				CLANG_WARN_BOOL_CONVERSION = YES;
				CLANG_WARN_COMMA = YES;
				CLANG_WARN_CONSTANT_CONVERSION = YES;
				CLANG_WARN_DEPRECATED_OBJC_IMPLEMENTATIONS = YES;
				CLANG_WARN_DIRECT_OBJC_ISA_USAGE = YES_ERROR;
				CLANG_WARN_DOCUMENTATION_COMMENTS = YES;
				CLANG_WARN_EMPTY_BODY = YES;
				CLANG_WARN_ENUM_CONVERSION = YES;
				CLANG_WARN_INFINITE_RECURSION = YES;
				CLANG_WARN_INT_CONVERSION = YES;
				CLANG_WARN_NON_LITERAL_NULL_CONVERSION = YES;
				CLANG_WARN_OBJC_IMPLICIT_RETAIN_SELF = YES;
				CLANG_WARN_OBJC_LITERAL_CONVERSION = YES;
				CLANG_WARN_OBJC_ROOT_CLASS = YES_ERROR;
				CLANG_WARN_QUOTED_INCLUDE_IN_FRAMEWORK_HEADER = YES;
				CLANG_WARN_RANGE_LOOP_ANALYSIS = YES;
				CLANG_WARN_STRICT_PROTOTYPES = YES;
				CLANG_WARN_SUSPICIOUS_MOVE = YES;
				CLANG_WARN_UNGUARDED_AVAILABILITY = YES_AGGRESSIVE;
				CLANG_WARN_UNREACHABLE_CODE = YES;
				CLANG_WARN__DUPLICATE_METHOD_MATCH = YES;
				COPY_PHASE_STRIP = NO;
				DEBUG_INFORMATION_FORMAT = dwarf;
				DEVELOPMENT_TEAM = PK2473XF3P;
				ENABLE_STRICT_OBJC_MSGSEND = YES;
				ENABLE_TESTABILITY = YES;
				ENABLE_USER_SCRIPT_SANDBOXING = YES;
				GCC_C_LANGUAGE_STANDARD = gnu17;
				GCC_DYNAMIC_NO_PIC = NO;
				GCC_NO_COMMON_BLOCKS = YES;
				GCC_OPTIMIZATION_LEVEL = 0;
				GCC_PREPROCESSOR_DEFINITIONS = (
					"DEBUG=1",
					"$(inherited)",
				);
				GCC_WARN_64_TO_32_BIT_CONVERSION = YES;
				GCC_WARN_ABOUT_RETURN_TYPE = YES_ERROR;
				GCC_WARN_UNDECLARED_SELECTOR = YES;
				GCC_WARN_UNINITIALIZED_AUTOS = YES_AGGRESSIVE;
				GCC_WARN_UNUSED_FUNCTION = YES;
				GCC_WARN_UNUSED_VARIABLE = YES;
				IPHONEOS_DEPLOYMENT_TARGET = 18.5;
				LOCALIZATION_PREFERS_STRING_CATALOGS = YES;
				MTL_ENABLE_DEBUG_INFO = INCLUDE_SOURCE;
				MTL_FAST_MATH = YES;
				ONLY_ACTIVE_ARCH = YES;
				SDKROOT = iphoneos;
				SWIFT_ACTIVE_COMPILATION_CONDITIONS = "DEBUG $(inherited)";
				SWIFT_OPTIMIZATION_LEVEL = "-Onone";
			};
			name = Debug;
		};
		BFE96A482E2061A3001CF98D /* Release */ = {
			isa = XCBuildConfiguration;
			buildSettings = {
				ALWAYS_SEARCH_USER_PATHS = NO;
				ASSETCATALOG_COMPILER_GENERATE_SWIFT_ASSET_SYMBOL_EXTENSIONS = YES;
				CLANG_ANALYZER_NONNULL = YES;
				CLANG_ANALYZER_NUMBER_OBJECT_CONVERSION = YES_AGGRESSIVE;
				CLANG_CXX_LANGUAGE_STANDARD = "gnu++20";
				CLANG_ENABLE_MODULES = YES;
				CLANG_ENABLE_OBJC_ARC = YES;
				CLANG_ENABLE_OBJC_WEAK = YES;
				CLANG_WARN_BLOCK_CAPTURE_AUTORELEASING = YES;
				CLANG_WARN_BOOL_CONVERSION = YES;
				CLANG_WARN_COMMA = YES;
				CLANG_WARN_CONSTANT_CONVERSION = YES;
				CLANG_WARN_DEPRECATED_OBJC_IMPLEMENTATIONS = YES;
				CLANG_WARN_DIRECT_OBJC_ISA_USAGE = YES_ERROR;
				CLANG_WARN_DOCUMENTATION_COMMENTS = YES;
				CLANG_WARN_EMPTY_BODY = YES;
				CLANG_WARN_ENUM_CONVERSION = YES;
				CLANG_WARN_INFINITE_RECURSION = YES;
				CLANG_WARN_INT_CONVERSION = YES;
				CLANG_WARN_NON_LITERAL_NULL_CONVERSION = YES;
				CLANG_WARN_OBJC_IMPLICIT_RETAIN_SELF = YES;
				CLANG_WARN_OBJC_LITERAL_CONVERSION = YES;
				CLANG_WARN_OBJC_ROOT_CLASS = YES_ERROR;
				CLANG_WARN_QUOTED_INCLUDE_IN_FRAMEWORK_HEADER = YES;
				CLANG_WARN_RANGE_LOOP_ANALYSIS = YES;
				CLANG_WARN_STRICT_PROTOTYPES = YES;
				CLANG_WARN_SUSPICIOUS_MOVE = YES;
				CLANG_WARN_UNGUARDED_AVAILABILITY = YES_AGGRESSIVE;
				CLANG_WARN_UNREACHABLE_CODE = YES;
				CLANG_WARN__DUPLICATE_METHOD_MATCH = YES;
				COPY_PHASE_STRIP = NO;
				DEBUG_INFORMATION_FORMAT = "dwarf-with-dsym";
				DEVELOPMENT_TEAM = PK2473XF3P;
				ENABLE_NS_ASSERTIONS = NO;
				ENABLE_STRICT_OBJC_MSGSEND = YES;
				ENABLE_USER_SCRIPT_SANDBOXING = YES;
				GCC_C_LANGUAGE_STANDARD = gnu17;
				GCC_NO_COMMON_BLOCKS = YES;
				GCC_WARN_64_TO_32_BIT_CONVERSION = YES;
				GCC_WARN_ABOUT_RETURN_TYPE = YES_ERROR;
				GCC_WARN_UNDECLARED_SELECTOR = YES;
				GCC_WARN_UNINITIALIZED_AUTOS = YES_AGGRESSIVE;
				GCC_WARN_UNUSED_FUNCTION = YES;
				GCC_WARN_UNUSED_VARIABLE = YES;
				IPHONEOS_DEPLOYMENT_TARGET = 18.5;
				LOCALIZATION_PREFERS_STRING_CATALOGS = YES;
				MTL_ENABLE_DEBUG_INFO = NO;
				MTL_FAST_MATH = YES;
				SDKROOT = iphoneos;
				SWIFT_COMPILATION_MODE = wholemodule;
				VALIDATE_PRODUCT = YES;
			};
			name = Release;
		};
		BFE96A4A2E2061A3001CF98D /* Debug */ = {
			isa = XCBuildConfiguration;
			buildSettings = {
				ASSETCATALOG_COMPILER_APPICON_NAME = AppIcon;
				ASSETCATALOG_COMPILER_GLOBAL_ACCENT_COLOR_NAME = AccentColor;
				CODE_SIGN_IDENTITY = "Apple Development";
				CODE_SIGN_STYLE = Automatic;
				CURRENT_PROJECT_VERSION = 1;
				DEVELOPMENT_TEAM = PK2473XF3P;
				ENABLE_PREVIEWS = YES;
				GENERATE_INFOPLIST_FILE = YES;
				INFOPLIST_KEY_CFBundleDisplayName = "Film Dev Calculator";
				INFOPLIST_KEY_LSApplicationCategoryType = "public.app-category.photography";
				INFOPLIST_KEY_UIApplicationSceneManifest_Generation = YES;
				INFOPLIST_KEY_UIApplicationSupportsIndirectInputEvents = YES;
				INFOPLIST_KEY_UILaunchScreen_Generation = YES;
				INFOPLIST_KEY_UISupportedInterfaceOrientations = UIInterfaceOrientationPortrait;
				INFOPLIST_KEY_UISupportedInterfaceOrientations_iPad = "UIInterfaceOrientationLandscapeLeft UIInterfaceOrientationLandscapeRight UIInterfaceOrientationPortrait UIInterfaceOrientationPortraitUpsideDown";
				IPHONEOS_DEPLOYMENT_TARGET = 15.6;
				LD_RUNPATH_SEARCH_PATHS = (
					"$(inherited)",
					"@executable_path/Frameworks",
				);
				MARKETING_VERSION = 1.0;
				PRODUCT_BUNDLE_IDENTIFIER = maximeliseyev.filmclaculator;
				PRODUCT_NAME = "$(TARGET_NAME)";
				PROVISIONING_PROFILE_SPECIFIER = "";
				SWIFT_EMIT_LOC_STRINGS = YES;
				SWIFT_VERSION = 5.0;
				TARGETED_DEVICE_FAMILY = "1,2";
			};
			name = Debug;
		};
		BFE96A4B2E2061A3001CF98D /* Release */ = {
			isa = XCBuildConfiguration;
			buildSettings = {
				ASSETCATALOG_COMPILER_APPICON_NAME = AppIcon;
				ASSETCATALOG_COMPILER_GLOBAL_ACCENT_COLOR_NAME = AccentColor;
				CODE_SIGN_IDENTITY = "Apple Development";
				CODE_SIGN_STYLE = Automatic;
				CURRENT_PROJECT_VERSION = 1;
				DEVELOPMENT_TEAM = PK2473XF3P;
				ENABLE_PREVIEWS = YES;
				GENERATE_INFOPLIST_FILE = YES;
				INFOPLIST_KEY_CFBundleDisplayName = "Film Dev Calculator";
				INFOPLIST_KEY_LSApplicationCategoryType = "public.app-category.photography";
				INFOPLIST_KEY_UIApplicationSceneManifest_Generation = YES;
				INFOPLIST_KEY_UIApplicationSupportsIndirectInputEvents = YES;
				INFOPLIST_KEY_UILaunchScreen_Generation = YES;
				INFOPLIST_KEY_UISupportedInterfaceOrientations = UIInterfaceOrientationPortrait;
				INFOPLIST_KEY_UISupportedInterfaceOrientations_iPad = "UIInterfaceOrientationLandscapeLeft UIInterfaceOrientationLandscapeRight UIInterfaceOrientationPortrait UIInterfaceOrientationPortraitUpsideDown";
				IPHONEOS_DEPLOYMENT_TARGET = 15.6;
				LD_RUNPATH_SEARCH_PATHS = (
					"$(inherited)",
					"@executable_path/Frameworks",
				);
				MARKETING_VERSION = 1.0;
				PRODUCT_BUNDLE_IDENTIFIER = maximeliseyev.filmclaculator;
				PRODUCT_NAME = "$(TARGET_NAME)";
				PROVISIONING_PROFILE_SPECIFIER = "";
				SWIFT_EMIT_LOC_STRINGS = YES;
				SWIFT_VERSION = 5.0;
				TARGETED_DEVICE_FAMILY = "1,2";
			};
			name = Release;
		};
/* End XCBuildConfiguration section */

/* Begin XCConfigurationList section */
		BFE96A342E2061A0001CF98D /* Build configuration list for PBXProject "FilmClaculator" */ = {
			isa = XCConfigurationList;
			buildConfigurations = (
				BFE96A472E2061A3001CF98D /* Debug */,
				BFE96A482E2061A3001CF98D /* Release */,
			);
			defaultConfigurationIsVisible = 0;
			defaultConfigurationName = Release;
		};
		BFE96A492E2061A3001CF98D /* Build configuration list for PBXNativeTarget "Film claculator" */ = {
			isa = XCConfigurationList;
			buildConfigurations = (
				BFE96A4A2E2061A3001CF98D /* Debug */,
				BFE96A4B2E2061A3001CF98D /* Release */,
			);
			defaultConfigurationIsVisible = 0;
			defaultConfigurationName = Release;
		};
/* End XCConfigurationList section */

/* Begin XCVersionGroup section */
		BF4109312E311C8100BE2AD8 /* FilmСlaculator.xcdatamodeld */ = {
			isa = XCVersionGroup;
			children = (
				BF4109322E311C8100BE2AD8 /* FilmСlaculator.xcdatamodel */,
			);
			currentVersion = BF4109322E311C8100BE2AD8 /* FilmСlaculator.xcdatamodel */;
			path = "FilmСlaculator.xcdatamodeld";
			sourceTree = "<group>";
			versionGroupType = wrapper.xcdatamodel;
		};
/* End XCVersionGroup section */
	};
	rootObject = BFE96A312E2061A0001CF98D /* Project object */;
}
